
Microsoft Visual Studio Solution File, Format Version 12.00
# 
Project("{2150E333-8FDC-42A3-9474-1A3956D46DE8}") = "src", "src", "{AC038250-7623-48EE-AAC9-F3A7BE05CAD0}"
EndProject
Project("{FAE04EC0-301F-11D3-BF4B-00C04F79EFBC}") = "Kairos.Api", "src\Kairos.Api\Kairos.Api.csproj", "{2E03FBCB-758B-4748-81A6-DACB5874540B}"
EndProject
Project("{2150E333-8FDC-42A3-9474-1A3956D46DE8}") = "tests", "tests", "{1FB43ED0-9F6B-4644-B225-2F5952823037}"
EndProject
Project("{FAE04EC0-301F-11D3-BF4B-00C04F79EFBC}") = "Kairos.Api.Tests", "tests\Kairos.Api.Tests\Kairos.Api.Tests.csproj", "{47F94F1D-4568-497D-A928-F17AFA3C142B}"
EndProject
Project("{2150E333-8FDC-42A3-9474-1A3956D46DE8}") = "Solution Items", "Solution Items", "{3CBA9CE8-454C-4255-A5F6-C862F4F63336}"
	ProjectSection(SolutionItems) = preProject
		.dockerignore = .dockerignore
		.gitignore = .gitignore
		CONTRIBUTING.md = CONTRIBUTING.md
		Dockerfile = Dockerfile
		docker-compose.yml = docker-compose.yml
		global.json = global.json
		LICENSE = LICENSE
		README.md = README.md
	EndProjectSection
EndProject
Project("{2150E333-8FDC-42A3-9474-1A3956D46DE8}") = ".github", ".github", "{8B17C96A-1C50-4ADC-8F38-390D5BA8A10B}"
	ProjectSection(SolutionItems) = preProject
		.github\workflows\ci.yml = .github\workflows\ci.yml
		.github\workflows\release.yml = .github\workflows\release.yml
	EndProjectSection
EndProject
Global
	GlobalSection(SolutionConfigurationPlatforms) = preSolution
		Debug|Any CPU = Debug|Any CPU
		Release|Any CPU = Release|Any CPU
	EndGlobalSection
	GlobalSection(ProjectConfigurationPlatforms) = postSolution
		{2E03FBCB-758B-4748-81A6-DACB5874540B}.Debug|Any CPU.ActiveCfg = Debug|Any CPU
		{2E03FBCB-758B-4748-81A6-DACB5874540B}.Debug|Any CPU.Build.0 = Debug|Any CPU
		{2E03FBCB-758B-4748-81A6-DACB5874540B}.Release|Any CPU.ActiveCfg = Release|Any CPU
		{2E03FBCB-758B-4748-81A6-DACB5874540B}.Release|Any CPU.Build.0 = Release|Any CPU
		{47F94F1D-4568-497D-A928-F17AFA3C142B}.Debug|Any CPU.ActiveCfg = Debug|Any CPU
		{47F94F1D-4568-497D-A928-F17AFA3C142B}.Debug|Any CPU.Build.0 = Debug|Any CPU
		{47F94F1D-4568-497D-A928-F17AFA3C142B}.Release|Any CPU.ActiveCfg = Release|Any CPU
		{47F94F1D-4568-497D-A928-F17AFA3C142B}.Release|Any CPU.Build.0 = Release|Any CPU
	EndGlobalSection
	GlobalSection(NestedProjects) = preSolution
		{2E03FBCB-758B-4748-81A6-DACB5874540B} = {AC038250-7623-48EE-AAC9-F3A7BE05CAD0}
		{47F94F1D-4568-497D-A928-F17AFA3C142B} = {1FB43ED0-9F6B-4644-B225-2F5952823037}
	EndGlobalSection
EndGlobal
